
Microsoft Visual Studio Solution File, Format Version 12.00
Project("{FAE04EC0-301F-11D3-BF4B-00C04F79EFBC}") = "InoAgenti", "InoAgenti\InoAgenti.csproj", "{5DC33E39-2A16-4008-9389-0B5236723752}"
EndProject
Global
	GlobalSection(SolutionConfigurationPlatforms) = preSolution
		Debug|Any CPU = Debug|Any CPU
		Release|Any CPU = Release|Any CPU
	EndGlobalSection
	GlobalSection(ProjectConfigurationPlatforms) = postSolution
		{5DC33E39-2A16-4008-9389-0B5236723752}.Debug|Any CPU.ActiveCfg = Debug|Any CPU
		{5DC33E39-2A16-4008-9389-0B5236723752}.Debug|Any CPU.Build.0 = Debug|Any CPU
		{5DC33E39-2A16-4008-9389-0B5236723752}.Release|Any CPU.ActiveCfg = Release|Any CPU
		{5DC33E39-2A16-4008-9389-0B5236723752}.Release|Any CPU.Build.0 = Release|Any CPU
	EndGlobalSection
EndGlobal
